{
  "name": "frontend",
  "lockfileVersion": 3,
  "requires": true,
  "packages": {
    "": {
      "dependencies": {
        "lucide-react": "^0.514.0"
      }
    },
    "node_modules/lucide-react": {
      "version": "0.514.0",
      "resolved": "https://registry.npmmirror.com/lucide-react/-/lucide-react-0.514.0.tgz",
      "integrity": "sha512-HXD0OAMd+JM2xCjlwG1EGW9Nuab64dhjO3+MvdyD+__REMOVED_API_KEY__==",
      "license": "ISC",
      "peerDependencies": {
        "react": "^16.5.1 || ^17.0.0 || ^18.0.0 || ^19.0.0"
      }
    },
    "node_modules/react": {
      "version": "19.1.0",
      "resolved": "https://registry.npmmirror.com/react/-/react-19.1.0.tgz",
      "integrity": "sha512-FS+__REMOVED_API_KEY__bpEU1LSzV5dYtjMkMDg==",
      "license": "MIT",
      "peer": true,
      "engines": {
        "node": ">=0.10.0"
      }
    }
  }
}
